
Microsoft Visual Studio Solution File, Format Version 12.00
# Visual Studio Version 17
VisualStudioVersion = 17.8.34525.116
MinimumVisualStudioVersion = 10.0.40219.1
Project("{9A19103F-16F7-4668-BE54-9A1E7A4F7556}") = "API", "API\API.csproj", "{C13DF85A-43D3-4D9C-BDC9-3083F0F45C2D}"
EndProject
Project("{FAE04EC0-301F-11D3-BF4B-00C04F79EFBC}") = "Core", "Core\Core.csproj", "{597B98AA-0197-4075-826D-6D32E86C616C}"
EndProject
Project("{FAE04EC0-301F-11D3-BF4B-00C04F79EFBC}") = "Infrastructure", "Infrastructure\Infrastructure.csproj", "{09C3EF3B-4E82-4A03-8221-B5B0FA07B358}"
EndProject
Global
	GlobalSection(SolutionConfigurationPlatforms) = preSolution
		Debug|Any CPU = Debug|Any CPU
		Release|Any CPU = Release|Any CPU
	EndGlobalSection
	GlobalSection(ProjectConfigurationPlatforms) = postSolution
		{C13DF85A-43D3-4D9C-BDC9-3083F0F45C2D}.Debug|Any CPU.ActiveCfg = Debug|Any CPU
		{C13DF85A-43D3-4D9C-BDC9-3083F0F45C2D}.Debug|Any CPU.Build.0 = Debug|Any CPU
		{C13DF85A-43D3-4D9C-BDC9-3083F0F45C2D}.Release|Any CPU.ActiveCfg = Release|Any CPU
		{C13DF85A-43D3-4D9C-BDC9-3083F0F45C2D}.Release|Any CPU.Build.0 = Release|Any CPU
		{597B98AA-0197-4075-826D-6D32E86C616C}.Debug|Any CPU.ActiveCfg = Debug|Any CPU
		{597B98AA-0197-4075-826D-6D32E86C616C}.Debug|Any CPU.Build.0 = Debug|Any CPU
		{597B98AA-0197-4075-826D-6D32E86C616C}.Release|Any CPU.ActiveCfg = Release|Any CPU
		{597B98AA-0197-4075-826D-6D32E86C616C}.Release|Any CPU.Build.0 = Release|Any CPU
		{09C3EF3B-4E82-4A03-8221-B5B0FA07B358}.Debug|Any CPU.ActiveCfg = Debug|Any CPU
		{09C3EF3B-4E82-4A03-8221-B5B0FA07B358}.Debug|Any CPU.Build.0 = Debug|Any CPU
		{09C3EF3B-4E82-4A03-8221-B5B0FA07B358}.Release|Any CPU.ActiveCfg = Release|Any CPU
		{09C3EF3B-4E82-4A03-8221-B5B0FA07B358}.Release|Any CPU.Build.0 = Release|Any CPU
	EndGlobalSection
	GlobalSection(SolutionProperties) = preSolution
		HideSolutionNode = FALSE
	EndGlobalSection
	GlobalSection(ExtensibilityGlobals) = postSolution
		SolutionGuid = {77F114C9-74ED-46D3-8FA3-B216B79F790A}
	EndGlobalSection
EndGlobal
